
Microsoft Visual Studio Solution File, Format Version 12.00
# Visual Studio Version 16
VisualStudioVersion = 16.0.32802.440
MinimumVisualStudioVersion = 10.0.40219.1
Project("{FAE04EC0-301F-11D3-BF4B-00C04F79EFBC}") = "ToDoListDynamic", "ToDoListDynamic\ToDoListDynamic.csproj", "{D0B900A7-F1A9-4393-A59E-0C7BDFA2358C}"
EndProject
Global
	GlobalSection(SolutionConfigurationPlatforms) = preSolution
		Debug|Any CPU = Debug|Any CPU
		Release|Any CPU = Release|Any CPU
	EndGlobalSection
	GlobalSection(ProjectConfigurationPlatforms) = postSolution
		{D0B900A7-F1A9-4393-A59E-0C7BDFA2358C}.Debug|Any CPU.ActiveCfg = Debug|Any CPU
		{D0B900A7-F1A9-4393-A59E-0C7BDFA2358C}.Debug|Any CPU.Build.0 = Debug|Any CPU
		{D0B900A7-F1A9-4393-A59E-0C7BDFA2358C}.Release|Any CPU.ActiveCfg = Release|Any CPU
		{D0B900A7-F1A9-4393-A59E-0C7BDFA2358C}.Release|Any CPU.Build.0 = Release|Any CPU
	EndGlobalSection
	GlobalSection(SolutionProperties) = preSolution
		HideSolutionNode = FALSE
	EndGlobalSection
	GlobalSection(ExtensibilityGlobals) = postSolution
		SolutionGuid = {4D424604-97E7-49EF-AECF-46CD242EFD80}
	EndGlobalSection
EndGlobal
